
Microsoft Visual Studio Solution File, Format Version 12.00
# Visual Studio 14
VisualStudioVersion = 14.0.25420.1
MinimumVisualStudioVersion = 10.0.40219.1
Project("{8BC9CEB8-8B4A-11D0-8D11-00A0C91BC942}") = "YAIP", "YAIP.vcxproj", "{6C81DA65-96B1-411A-AD7A-478A1B52B27B}"
EndProject
Project("{2150E333-8FDC-42A3-9474-1A3956D46DE8}") = "Solution Items", "Solution Items", "{FCD04DCE-0F34-4D61-AC54-22B0B06B2308}"
EndProject
Global
	GlobalSection(SolutionConfigurationPlatforms) = preSolution
		Debug|x64 = Debug|x64
		Debug|x86 = Debug|x86
		Release|x64 = Release|x64
		Release|x86 = Release|x86
	EndGlobalSection
	GlobalSection(ProjectConfigurationPlatforms) = postSolution
		{6C81DA65-96B1-411A-AD7A-478A1B52B27B}.Debug|x64.ActiveCfg = Debug|x64
		{6C81DA65-96B1-411A-AD7A-478A1B52B27B}.Debug|x64.Build.0 = Debug|x64
		{6C81DA65-96B1-411A-AD7A-478A1B52B27B}.Debug|x86.ActiveCfg = Debug|Win32
		{6C81DA65-96B1-411A-AD7A-478A1B52B27B}.Debug|x86.Build.0 = Debug|Win32
		{6C81DA65-96B1-411A-AD7A-478A1B52B27B}.Release|x64.ActiveCfg = Release|x64
		{6C81DA65-96B1-411A-AD7A-478A1B52B27B}.Release|x64.Build.0 = Release|x64
		{6C81DA65-96B1-411A-AD7A-478A1B52B27B}.Release|x86.ActiveCfg = Release|Win32
		{6C81DA65-96B1-411A-AD7A-478A1B52B27B}.Release|x86.Build.0 = Release|Win32
	EndGlobalSection
	GlobalSection(SolutionProperties) = preSolution
		HideSolutionNode = FALSE
	EndGlobalSection
EndGlobal
